
Microsoft Visual Studio Solution File, Format Version 12.00
# Visual Studio Version 17
VisualStudioVersion = 17.2.32602.215
MinimumVisualStudioVersion = 10.0.40219.1
Project("{FAE04EC0-301F-11D3-BF4B-00C04F79EFBC}") = "CredyKnlowledgeSystems", "CredyKnlowledgeSystems.csproj", "{C05E6DE2-5A93-4A1D-98E7-1C97D1DEAA58}"
EndProject
Global
	GlobalSection(SolutionConfigurationPlatforms) = preSolution
		Debug|Any CPU = Debug|Any CPU
		Release|Any CPU = Release|Any CPU
	EndGlobalSection
	GlobalSection(ProjectConfigurationPlatforms) = postSolution
		{C05E6DE2-5A93-4A1D-98E7-1C97D1DEAA58}.Debug|Any CPU.ActiveCfg = Debug|Any CPU
		{C05E6DE2-5A93-4A1D-98E7-1C97D1DEAA58}.Debug|Any CPU.Build.0 = Debug|Any CPU
		{C05E6DE2-5A93-4A1D-98E7-1C97D1DEAA58}.Release|Any CPU.ActiveCfg = Release|Any CPU
		{C05E6DE2-5A93-4A1D-98E7-1C97D1DEAA58}.Release|Any CPU.Build.0 = Release|Any CPU
	EndGlobalSection
	GlobalSection(SolutionProperties) = preSolution
		HideSolutionNode = FALSE
	EndGlobalSection
	GlobalSection(ExtensibilityGlobals) = postSolution
		SolutionGuid = {59B42FC3-DCE1-4E78-A0C5-1E33856F3ED1}
	EndGlobalSection
EndGlobal
